
Microsoft Visual Studio Solution File, Format Version 12.00
# Visual Studio Version 17
VisualStudioVersion = 17.2.32616.157
MinimumVisualStudioVersion = 10.0.40219.1
Project("{FAE04EC0-301F-11D3-BF4B-00C04F79EFBC}") = "TM", "TM\TM.csproj", "{430CCD32-6C9E-41B1-B8DA-C0E1243D5AA6}"
EndProject
Global
	GlobalSection(SolutionConfigurationPlatforms) = preSolution
		Debug|Any CPU = Debug|Any CPU
		Release|Any CPU = Release|Any CPU
	EndGlobalSection
	GlobalSection(ProjectConfigurationPlatforms) = postSolution
		{430CCD32-6C9E-41B1-B8DA-C0E1243D5AA6}.Debug|Any CPU.ActiveCfg = Debug|Any CPU
		{430CCD32-6C9E-41B1-B8DA-C0E1243D5AA6}.Debug|Any CPU.Build.0 = Debug|Any CPU
		{430CCD32-6C9E-41B1-B8DA-C0E1243D5AA6}.Release|Any CPU.ActiveCfg = Release|Any CPU
		{430CCD32-6C9E-41B1-B8DA-C0E1243D5AA6}.Release|Any CPU.Build.0 = Release|Any CPU
	EndGlobalSection
	GlobalSection(SolutionProperties) = preSolution
		HideSolutionNode = FALSE
	EndGlobalSection
	GlobalSection(ExtensibilityGlobals) = postSolution
		SolutionGuid = {2AB10875-81EC-42DD-B5C3-98A4B246E879}
	EndGlobalSection
EndGlobal
